
Microsoft Visual Studio Solution File, Format Version 11.00
# Visual Studio 2010
Project("{FAE04EC0-301F-11D3-BF4B-00C04F79EFBC}") = "Monkey Sniper 3", "Assembly-CSharp.csproj", "{DFACADD6-99DC-34BD-2DBA-59EDAE0C73DE}"
EndProject
Project("{EE16532B-95EC-69B2-7CCC-7BB0BB3FB286}") = "Monkey Sniper 3", "Assembly-UnityScript.unityproj", "{EC319068-466D-B597-6048-5767D24E3F20}"
EndProject
Project("{FAE04EC0-301F-11D3-BF4B-00C04F79EFBC}") = "Monkey Sniper 3", "Assembly-CSharp-Editor.csproj", "{CDC2C9F6-45E2-670D-146A-7B9A752D072B}"
EndProject
Global
	GlobalSection(SolutionConfigurationPlatforms) = preSolution
		Debug|Any CPU = Debug|Any CPU
		Release|Any CPU = Release|Any CPU
	EndGlobalSection
	GlobalSection(ProjectConfigurationPlatforms) = postSolution
		{DFACADD6-99DC-34BD-2DBA-59EDAE0C73DE}.Debug|Any CPU.ActiveCfg = Debug|Any CPU
		{DFACADD6-99DC-34BD-2DBA-59EDAE0C73DE}.Debug|Any CPU.Build.0 = Debug|Any CPU
		{DFACADD6-99DC-34BD-2DBA-59EDAE0C73DE}.Release|Any CPU.ActiveCfg = Release|Any CPU
		{DFACADD6-99DC-34BD-2DBA-59EDAE0C73DE}.Release|Any CPU.Build.0 = Release|Any CPU
		{EC319068-466D-B597-6048-5767D24E3F20}.Debug|Any CPU.ActiveCfg = Debug|Any CPU
		{EC319068-466D-B597-6048-5767D24E3F20}.Debug|Any CPU.Build.0 = Debug|Any CPU
		{EC319068-466D-B597-6048-5767D24E3F20}.Release|Any CPU.ActiveCfg = Release|Any CPU
		{EC319068-466D-B597-6048-5767D24E3F20}.Release|Any CPU.Build.0 = Release|Any CPU
		{CDC2C9F6-45E2-670D-146A-7B9A752D072B}.Debug|Any CPU.ActiveCfg = Debug|Any CPU
		{CDC2C9F6-45E2-670D-146A-7B9A752D072B}.Debug|Any CPU.Build.0 = Debug|Any CPU
		{CDC2C9F6-45E2-670D-146A-7B9A752D072B}.Release|Any CPU.ActiveCfg = Release|Any CPU
		{CDC2C9F6-45E2-670D-146A-7B9A752D072B}.Release|Any CPU.Build.0 = Release|Any CPU
	EndGlobalSection
	GlobalSection(SolutionProperties) = preSolution
		HideSolutionNode = FALSE
	EndGlobalSection
	GlobalSection(MonoDevelopProperties) = preSolution
		StartupItem = Assembly-CSharp.csproj
	EndGlobalSection
EndGlobal
