
Microsoft Visual Studio Solution File, Format Version 12.00
# Visual Studio 15
Project("{FAE04EC0-301F-11D3-BF4B-00C04F79EFBC}") = "Assembly-CSharp", "Assembly-CSharp.csproj", "{8344B00B-CD61-32E7-26DB-D0273F3B538E}"
EndProject
Project("{FAE04EC0-301F-11D3-BF4B-00C04F79EFBC}") = "Assembly-CSharp-Editor", "Assembly-CSharp-Editor.csproj", "{10835148-EE2D-7448-E964-115715332DCB}"
EndProject
Global
	GlobalSection(SolutionConfigurationPlatforms) = preSolution
		Debug|Any CPU = Debug|Any CPU
		Release|Any CPU = Release|Any CPU
	EndGlobalSection
	GlobalSection(ProjectConfigurationPlatforms) = postSolution
		{8344B00B-CD61-32E7-26DB-D0273F3B538E}.Debug|Any CPU.ActiveCfg = Debug|Any CPU
		{8344B00B-CD61-32E7-26DB-D0273F3B538E}.Debug|Any CPU.Build.0 = Debug|Any CPU
		{8344B00B-CD61-32E7-26DB-D0273F3B538E}.Release|Any CPU.ActiveCfg = Release|Any CPU
		{8344B00B-CD61-32E7-26DB-D0273F3B538E}.Release|Any CPU.Build.0 = Release|Any CPU
		{10835148-EE2D-7448-E964-115715332DCB}.Debug|Any CPU.ActiveCfg = Debug|Any CPU
		{10835148-EE2D-7448-E964-115715332DCB}.Debug|Any CPU.Build.0 = Debug|Any CPU
		{10835148-EE2D-7448-E964-115715332DCB}.Release|Any CPU.ActiveCfg = Release|Any CPU
		{10835148-EE2D-7448-E964-115715332DCB}.Release|Any CPU.Build.0 = Release|Any CPU
	EndGlobalSection
	GlobalSection(SolutionProperties) = preSolution
		HideSolutionNode = FALSE
	EndGlobalSection
EndGlobal
